
Microsoft Visual Studio Solution File, Format Version 12.00
Project("{2150E333-8FDC-42A3-9474-1A3956D46DE8}") = "src", "src", "{20E79C5C-05E7-473A-8218-026AC2A2C5A7}"
EndProject
Project("{2150E333-8FDC-42A3-9474-1A3956D46DE8}") = "tests", "tests", "{5FE829AE-2772-40CA-8FA5-9A8952F2BAB7}"
EndProject
Project("{FAE04EC0-301F-11D3-BF4B-00C04F79EFBC}") = "Domain", "src\Domain\Domain.csproj", "{7BB6748B-B394-455E-B997-D5FB6930CA5F}"
EndProject
Project("{FAE04EC0-301F-11D3-BF4B-00C04F79EFBC}") = "Names", "src\Names\Names.csproj", "{934EECEB-BC77-4FB7-BCDD-4CE5725170D6}"
EndProject
Project("{FAE04EC0-301F-11D3-BF4B-00C04F79EFBC}") = "Names.Tests", "tests\Names.Tests\Names.Tests.csproj", "{2B0942F5-5F6E-4798-AB6B-A9AC5E7689C3}"
EndProject
Project("{FAE04EC0-301F-11D3-BF4B-00C04F79EFBC}") = "Domain.Tests", "tests\Domain.Tests\Domain.Tests.csproj", "{01E4B96C-51BF-49D1-B93F-6C6E62147E7E}"
EndProject
Project("{FAE04EC0-301F-11D3-BF4B-00C04F79EFBC}") = "Modeller", "src\Modeller\Modeller.csproj", "{0EEB6EF7-8BA6-4267-94E0-5071CE37CD44}"
EndProject
Project("{FAE04EC0-301F-11D3-BF4B-00C04F79EFBC}") = "Modeller.Parser", "src\Modeller.Parser\Modeller.Parser.csproj", "{DD0FA345-95DF-44C9-9F20-4855FED41A97}"
EndProject
Project("{FAE04EC0-301F-11D3-BF4B-00C04F79EFBC}") = "Modeller.Yaml", "src\Modeller.Yaml\Modeller.Yaml.csproj", "{9ABAA52D-A1CA-48DA-8B84-842F2222435C}"
EndProject
Project("{FAE04EC0-301F-11D3-BF4B-00C04F79EFBC}") = "Generator", "src\Generator\Generator.csproj", "{61961027-D41E-4736-9463-954886127474}"
EndProject
Project("{FAE04EC0-301F-11D3-BF4B-00C04F79EFBC}") = "Modeller.Tests", "tests\Modeller.Tests\Modeller.Tests.csproj", "{FC097BC5-14C6-41A3-8348-9285B89A95FC}"
EndProject
Project("{FAE04EC0-301F-11D3-BF4B-00C04F79EFBC}") = "Modeller.ParserTests", "tests\Parser.Tests\Modeller.ParserTests.csproj", "{CBAFB6C1-2506-4E78-8E32-6BBEA463213B}"
EndProject
Global
	GlobalSection(SolutionConfigurationPlatforms) = preSolution
		Debug|Any CPU = Debug|Any CPU
		Release|Any CPU = Release|Any CPU
	EndGlobalSection
	GlobalSection(ProjectConfigurationPlatforms) = postSolution
		{7BB6748B-B394-455E-B997-D5FB6930CA5F}.Debug|Any CPU.ActiveCfg = Debug|Any CPU
		{7BB6748B-B394-455E-B997-D5FB6930CA5F}.Debug|Any CPU.Build.0 = Debug|Any CPU
		{7BB6748B-B394-455E-B997-D5FB6930CA5F}.Release|Any CPU.ActiveCfg = Release|Any CPU
		{7BB6748B-B394-455E-B997-D5FB6930CA5F}.Release|Any CPU.Build.0 = Release|Any CPU
		{934EECEB-BC77-4FB7-BCDD-4CE5725170D6}.Debug|Any CPU.ActiveCfg = Debug|Any CPU
		{934EECEB-BC77-4FB7-BCDD-4CE5725170D6}.Debug|Any CPU.Build.0 = Debug|Any CPU
		{934EECEB-BC77-4FB7-BCDD-4CE5725170D6}.Release|Any CPU.ActiveCfg = Release|Any CPU
		{934EECEB-BC77-4FB7-BCDD-4CE5725170D6}.Release|Any CPU.Build.0 = Release|Any CPU
		{2B0942F5-5F6E-4798-AB6B-A9AC5E7689C3}.Debug|Any CPU.ActiveCfg = Debug|Any CPU
		{2B0942F5-5F6E-4798-AB6B-A9AC5E7689C3}.Debug|Any CPU.Build.0 = Debug|Any CPU
		{2B0942F5-5F6E-4798-AB6B-A9AC5E7689C3}.Release|Any CPU.ActiveCfg = Release|Any CPU
		{2B0942F5-5F6E-4798-AB6B-A9AC5E7689C3}.Release|Any CPU.Build.0 = Release|Any CPU
		{01E4B96C-51BF-49D1-B93F-6C6E62147E7E}.Debug|Any CPU.ActiveCfg = Debug|Any CPU
		{01E4B96C-51BF-49D1-B93F-6C6E62147E7E}.Debug|Any CPU.Build.0 = Debug|Any CPU
		{01E4B96C-51BF-49D1-B93F-6C6E62147E7E}.Release|Any CPU.ActiveCfg = Release|Any CPU
		{01E4B96C-51BF-49D1-B93F-6C6E62147E7E}.Release|Any CPU.Build.0 = Release|Any CPU
		{0EEB6EF7-8BA6-4267-94E0-5071CE37CD44}.Debug|Any CPU.ActiveCfg = Debug|Any CPU
		{0EEB6EF7-8BA6-4267-94E0-5071CE37CD44}.Debug|Any CPU.Build.0 = Debug|Any CPU
		{0EEB6EF7-8BA6-4267-94E0-5071CE37CD44}.Release|Any CPU.ActiveCfg = Release|Any CPU
		{0EEB6EF7-8BA6-4267-94E0-5071CE37CD44}.Release|Any CPU.Build.0 = Release|Any CPU
		{DD0FA345-95DF-44C9-9F20-4855FED41A97}.Debug|Any CPU.ActiveCfg = Debug|Any CPU
		{DD0FA345-95DF-44C9-9F20-4855FED41A97}.Debug|Any CPU.Build.0 = Debug|Any CPU
		{DD0FA345-95DF-44C9-9F20-4855FED41A97}.Release|Any CPU.ActiveCfg = Release|Any CPU
		{DD0FA345-95DF-44C9-9F20-4855FED41A97}.Release|Any CPU.Build.0 = Release|Any CPU
		{9ABAA52D-A1CA-48DA-8B84-842F2222435C}.Debug|Any CPU.ActiveCfg = Debug|Any CPU
		{9ABAA52D-A1CA-48DA-8B84-842F2222435C}.Debug|Any CPU.Build.0 = Debug|Any CPU
		{9ABAA52D-A1CA-48DA-8B84-842F2222435C}.Release|Any CPU.ActiveCfg = Release|Any CPU
		{9ABAA52D-A1CA-48DA-8B84-842F2222435C}.Release|Any CPU.Build.0 = Release|Any CPU
		{61961027-D41E-4736-9463-954886127474}.Debug|Any CPU.ActiveCfg = Debug|Any CPU
		{61961027-D41E-4736-9463-954886127474}.Debug|Any CPU.Build.0 = Debug|Any CPU
		{61961027-D41E-4736-9463-954886127474}.Release|Any CPU.ActiveCfg = Release|Any CPU
		{61961027-D41E-4736-9463-954886127474}.Release|Any CPU.Build.0 = Release|Any CPU
		{FC097BC5-14C6-41A3-8348-9285B89A95FC}.Debug|Any CPU.ActiveCfg = Debug|Any CPU
		{FC097BC5-14C6-41A3-8348-9285B89A95FC}.Debug|Any CPU.Build.0 = Debug|Any CPU
		{FC097BC5-14C6-41A3-8348-9285B89A95FC}.Release|Any CPU.ActiveCfg = Release|Any CPU
		{FC097BC5-14C6-41A3-8348-9285B89A95FC}.Release|Any CPU.Build.0 = Release|Any CPU
		{CBAFB6C1-2506-4E78-8E32-6BBEA463213B}.Debug|Any CPU.ActiveCfg = Debug|Any CPU
		{CBAFB6C1-2506-4E78-8E32-6BBEA463213B}.Debug|Any CPU.Build.0 = Debug|Any CPU
		{CBAFB6C1-2506-4E78-8E32-6BBEA463213B}.Release|Any CPU.ActiveCfg = Release|Any CPU
		{CBAFB6C1-2506-4E78-8E32-6BBEA463213B}.Release|Any CPU.Build.0 = Release|Any CPU
	EndGlobalSection
	GlobalSection(NestedProjects) = preSolution
		{7BB6748B-B394-455E-B997-D5FB6930CA5F} = {20E79C5C-05E7-473A-8218-026AC2A2C5A7}
		{934EECEB-BC77-4FB7-BCDD-4CE5725170D6} = {20E79C5C-05E7-473A-8218-026AC2A2C5A7}
		{2B0942F5-5F6E-4798-AB6B-A9AC5E7689C3} = {5FE829AE-2772-40CA-8FA5-9A8952F2BAB7}
		{01E4B96C-51BF-49D1-B93F-6C6E62147E7E} = {5FE829AE-2772-40CA-8FA5-9A8952F2BAB7}
		{0EEB6EF7-8BA6-4267-94E0-5071CE37CD44} = {20E79C5C-05E7-473A-8218-026AC2A2C5A7}
		{DD0FA345-95DF-44C9-9F20-4855FED41A97} = {20E79C5C-05E7-473A-8218-026AC2A2C5A7}
		{9ABAA52D-A1CA-48DA-8B84-842F2222435C} = {20E79C5C-05E7-473A-8218-026AC2A2C5A7}
		{61961027-D41E-4736-9463-954886127474} = {20E79C5C-05E7-473A-8218-026AC2A2C5A7}
		{FC097BC5-14C6-41A3-8348-9285B89A95FC} = {5FE829AE-2772-40CA-8FA5-9A8952F2BAB7}
		{CBAFB6C1-2506-4E78-8E32-6BBEA463213B} = {5FE829AE-2772-40CA-8FA5-9A8952F2BAB7}
	EndGlobalSection
EndGlobal
